{
    "_meta": {
        "hash": {
            "sha256": "60c0d99470594831c48903564c42fe9575b0b319973dcb2da10ff16ac6837be8"
        },
        "pipfile-spec": 6,
        "requires": {
            "python_version": "3.7"
        },
        "sources": [
            {
                "name": "pypi",
                "url": "https://pypi.org/simple",
                "verify_ssl": true
            }
        ]
    },
    "default": {
        "attrs": {
            "hashes": [
                "sha256:31b2eced602aa8423c2aea9c76a724617ed67cf9513173fd3a4f03e3a929c7e6",
                "sha256:832aa3cde19744e49938b91fea06d69ecb9e649c93ba974535d08ad92164f700"
            ],
            "version": "==20.3.0"
        },
        "grpcio": {
            "hashes": [
                "sha256:0419ae5a45f49c7c40d9ae77ae4de9442431b7822851dfbbe56ee0eacb5e5654",
                "sha256:1e8631eeee0fb0b4230aeb135e4890035f6ef9159c2a3555fa184468e325691a",
                "sha256:24db2fa5438f3815a4edb7a189035051760ca6aa2b0b70a6a948b28bfc63c76b",
                "sha256:2adb1cdb7d33e91069517b41249622710a94a1faece1fed31cd36904e4201cde",
                "sha256:2cd51f35692b551aeb1fdeb7a256c7c558f6d78fcddff00640942d42f7aeba5f",
                "sha256:3247834d24964589f8c2b121b40cd61319b3c2e8d744a6a82008643ef8a378b1",
                "sha256:3433cb848b4209717722b62392e575a77a52a34d67c6730138102abc0a441685",
                "sha256:39671b7ff77a962bd745746d9d2292c8ed227c5748f16598d16d8631d17dd7e5",
                "sha256:40a0b8b2e6f6dd630f8b267eede2f40a848963d0f3c40b1b1f453a4a870f679e",
                "sha256:40f9a74c7aa210b3e76eb1c9d56aa8d08722b73426a77626967019df9bbac287",
                "sha256:423f76aa504c84cb94594fb88b8a24027c887f1c488cf58f2173f22f4fbd046c",
                "sha256:43bd04cec72281a96eb361e1b0232f0f542b46da50bcfe72ef7e5a1b41d00cb3",
                "sha256:43e38762635c09e24885d15e3a8e374b72d105d4178ee2cc9491855a8da9c380",
                "sha256:4413b11c2385180d7de03add6c8845dd66692b148d36e27ec8c9ef537b2553a1",
                "sha256:4450352a87094fd58daf468b04c65a9fa19ad11a0ac8ac7b7ff17d46f873cbc1",
                "sha256:49ffda04a6e44de028b3b786278ac9a70043e7905c3eea29eed88b6524d53a29",
                "sha256:4a38c4dde4c9120deef43aaabaa44f19186c98659ce554c29788c4071ab2f0a4",
                "sha256:50b1febdfd21e2144b56a9aa226829e93a79c354ef22a4e5b013d9965e1ec0ed",
                "sha256:559b1a3a8be7395ded2943ea6c2135d096f8cc7039d6d12127110b6496f251fe",
                "sha256:5de86c182667ec68cf84019aa0d8ceccf01d352cdca19bf9e373725204bdbf50",
                "sha256:5fc069bb481fe3fad0ba24d3baaf69e22dfa6cc1b63290e6dfeaf4ac1e996fb7",
                "sha256:6a19d654da49516296515d6f65de4bbcbd734bc57913b21a610cfc45e6df3ff1",
                "sha256:7535b3e52f498270e7877dde1c8944d6b7720e93e2e66b89c82a11447b5818f5",
                "sha256:7c4e495bcabc308198b8962e60ca12f53b27eb8f03a21ac1d2d711d6dd9ecfca",
                "sha256:8a8fc4a0220367cb8370cedac02272d574079ccc32bffbb34d53aaf9e38b5060",
                "sha256:8b008515e067232838daca020d1af628bf6520c8cc338bf383284efe6d8bd083",
                "sha256:8d1684258e1385e459418f3429e107eec5fb3d75e1f5a8c52e5946b3f329d6ea",
                "sha256:8eb5d54b87fb561dc2e00a5c5226c33ffe8dbc13f2e4033a412bafb7b37b194d",
                "sha256:94cdef0c61bd014bb7af495e21a1c3a369dd0399c3cd1965b1502043f5c88d94",
                "sha256:9d9f3be69c7a5e84c3549a8c4403fa9ac7672da456863d21e390b2bbf45ccad1",
                "sha256:9fb6fb5975a448169756da2d124a1beb38c0924ff6c0306d883b6848a9980f38",
                "sha256:a5eaae8700b87144d7dfb475aa4675e500ff707292caba3deff41609ddc5b845",
                "sha256:aaeac2d552772b76d24eaff67a5d2325bc5205c74c0d4f9fbe71685d4a971db2",
                "sha256:bb611e447559b3b5665e12a7da5160c0de6876097f62bf1d23ba66911564868e",
                "sha256:bc0d41f4eb07da8b8d3ea85e50b62f6491ab313834db86ae2345be07536a4e5a",
                "sha256:bf51051c129b847d1bb63a9b0826346b5f52fb821b15fe5e0d5ef86f268510f5",
                "sha256:c948c034d8997526011960db54f512756fb0b4be1b81140a15b4ef094c6594a4",
                "sha256:d435a01334157c3b126b4ee5141401d44bdc8440993b18b05e2f267a6647f92d",
                "sha256:d46c1f95672b73288e08cdca181e14e84c6229b5879561b7b8cfd48374e09287",
                "sha256:d5d58309b42064228b16b0311ff715d6c6e20230e81b35e8d0c8cfa1bbdecad8",
                "sha256:dc6e2e91365a1dd6314d615d80291159c7981928b88a4c65654e3fefac83a836",
                "sha256:e0dfb5f7a39029a6cbec23affa923b22a2c02207960fd66f109e01d6f632c1eb",
                "sha256:eb4bf58d381b1373bd21d50837a53953d625d1693f1b58fed12743c75d3dd321",
                "sha256:ebb211a85248dbc396b29320273c1ffde484b898852432613e8df0164c091006",
                "sha256:ec759ece4786ae993a5b7dc3b3dead6e9375d89a6c65dfd6860076d2eb2abe7b",
                "sha256:f55108397a8fa164268238c3e69cc134e945d1f693572a2f05a028b8d0d2b837",
                "sha256:f6c706866d424ff285b85a02de7bbe5ed0ace227766b2c42cbe12f3d9ea5a8aa",
                "sha256:f8370ad332b36fbad117440faf0dd4b910e80b9c49db5648afd337abdde9a1b6"
            ],
            "index": "pypi",
            "version": "==1.25.0"
        },
        "grpcio-tools": {
            "hashes": [
                "sha256:007c075eb9611379fa8f520a1865b9afd850469495b0e4a46e1349b2dc1744ce",
                "sha256:02ae9708bdd3f329b1abe1ee16b1d768b2dd7a036a8a57e342d08ee8ca054cec",
                "sha256:2f10226bfea4f947de355008b14fb4711c85fc1121570833a96f0e2cd8de580f",
                "sha256:314354c7321c84a6e176a99afe1945c933b8a38b4f837255c8decfef8d07f24e",
                "sha256:406b530c283a2bb804a10ee97928290b0b60788cd114ddfce0faa681cccfe4b8",
                "sha256:49e7682e505e6a1d35459dae1d8a616a08d5cfa6f05de00235aff2e15786af14",
                "sha256:4a5c2b38078fc4b949e4e70f7e25cb80443d1ee9a648ce4223aa3c040a0d3b9b",
                "sha256:4b40291d67a1fecb5170ed9ec32016e2ae07908a8fa143d2d37311b2bcbeb2c5",
                "sha256:4b72b04cba6ecd1940d6eda07886f80fe71fb2e669f1095ebab58b1eb17a53fa",
                "sha256:4cc95d5fddebb9348fafcc4c0147745882794ded7cfd5282b2aa158596c77a8a",
                "sha256:4ce0261bd4426482a96467ed9ad8411417a6932c331a5bb35aa1907f618f34f6",
                "sha256:5226371a2b569c62be0d0590ccff7bbb9566762f243933efbd4b695f9f108cd5",
                "sha256:52aab4cbab10683f8830420c0b55ccdc6344702b4a0940913d71fe928dd731c9",
                "sha256:532a19419535a92a1b621222f70d6da7624151fe69afa4a1063be56e7a2b884a",
                "sha256:5a8d44add097e0a3a7c27e66a8ed0aa2fd561cda77381e818cf7862d4ad0f629",
                "sha256:64f6027887e32a938f00b2344c337c6d4f7c4cf157ec2e84b1dd6b6fddad8e50",
                "sha256:651b0441e8d8f302b44fb50397fe73dcd5e61b790533438e690055abdef3b234",
                "sha256:67d12ec4548dd2b1f15c9e3a953c8f48d8c3441c2d8bd143fc3af95a1c041c2b",
                "sha256:6c029341132a0e64cbd2dba1dda9a125e06a798b9ec864569afdecce626dd5d5",
                "sha256:6e64214709f37b347875ac83cfed4e9cfd287f255dab2836521f591620412c40",
                "sha256:6f70fc9a82a0145296358720cf24f83a657a745e8b51ec9564f4c9e678c5b872",
                "sha256:6fb4739eb5eef051945b16b3c434d08653ea05f0313cf88495ced5d9db641745",
                "sha256:79b5b1c172dafb0e76aa95bf572d4c7afc0bf97a1669b2228a0bc151071c4666",
                "sha256:7d02755480cec3c0222f35397e810bfaf4cf9f2bf2e626f7f6efc1d40fffb7fa",
                "sha256:818f2b8168760cf16e66fe85894a37afcff5378a64939549663a371216618498",
                "sha256:834564c2fba02c31179af081bd80aada8dfdcca52c80e241353f6063b6154bd2",
                "sha256:8b17347a90a14386641ffe57743bbb01a16a7149c95905364d3c8091ad377bd8",
                "sha256:902e13dbaca9733e4668928967b301526197ecffacb8c7a0acc0c7045de8836f",
                "sha256:988014c714ca654b3b7ca9f4dabfe487b00e023bfdd9eaf1bb0fed82bf8c4255",
                "sha256:9a83d39e198cbed5d093f43790b92945ab74140357ec00e53ae13b421489ffb7",
                "sha256:ac7649cff7354d2f04ebe2872f786a1d07547deded61f3d39036ebb569de91bc",
                "sha256:b013d93bc6dc5c7bf3642bf30e673daee46f9a4984fbd9588a9cda1071278414",
                "sha256:b02701d40f1ccf16bc8c46f56bdbf89e03110bd8fd570c854e72299ce2920c35",
                "sha256:b0ef0da2eec959def8ba508b2a763c492f1fb989446a422d1456ac17dc1b19f4",
                "sha256:bb8264ccf8ff904a1a396dc757ac1560b24f270b90e7dabb0ae3f637cb351bb3",
                "sha256:bbfb58f5c0aa27b599141bb5eacaf8116b55ad89bc5a2c3afd5e965d840ad341",
                "sha256:c1a482fdd8952a7f0098f78161a4deef8a500e54babef302548cd9f1e326d42c",
                "sha256:c40efc662fa037898488e31756242af68a8ab5729f939bc8c9ba259bc32e7d6a",
                "sha256:c5ad07adae3fe62761bc662c554c2734203f0f700616fc58138b852a7ef5e40e",
                "sha256:c765512cb5cb4afaf652837b8cc69229dee14c8e92f15a6ea0f4dfd646902dd2",
                "sha256:c871f5a89012ae44d9233305d74dfdd2059a78f0cb0303d38a4b6a562c6f9ba7",
                "sha256:cc950fb17c1172d0c0129e8c6e787206e7ef8c24a8e39005f8cc297e9faa4f9a",
                "sha256:d3619b43009a5c82cb7ef11847518236140d7ffdcc6600e1a151b8b49350693a",
                "sha256:dc17a8a8b39cb37380d927d4669882af4ccc7d3ee298a15a3004f4b18ecd2ac3",
                "sha256:eab3684ce9dec3a934a36ba79e8435210d07c50906425ab157eeb4b14503a925",
                "sha256:f258b32dffd27ef1eb5f5f01ebb115dfad07677b0510b41f786c511a62ded033",
                "sha256:f550c94728b67a7eeddc35b03c99552f2d7aac09c52935ad4b0552d0843fd03c",
                "sha256:f7fc690a517c8f3765796ed005bb3273895a985a8593977291bad24568e018e3"
            ],
            "index": "pypi",
            "version": "==1.25.0"
        },
        "importlib-metadata": {
            "hashes": [
                "sha256:19192b88d959336bfa6bdaaaef99aeafec179eca19c47c804e555703ee5f07ef",
                "sha256:2e881981c9748d7282b374b68e759c87745c25427b67ecf0cc67fb6637a1bff9"
            ],
            "markers": "python_version < '3.8'",
            "version": "==4.0.0"
        },
        "more-itertools": {
            "hashes": [
                "sha256:5652a9ac72209ed7df8d9c15daf4e1aa0e3d2ccd3c87f8265a0673cd9cbc9ced",
                "sha256:c5d6da9ca3ff65220c3bfd2a8db06d698f05d4d2b9be57e1deb2be5a45019713"
            ],
            "version": "==8.7.0"
        },
        "packaging": {
            "hashes": [
                "sha256:5b327ac1320dc863dca72f4514ecc086f31186744b84a230374cc1fd776feae5",
                "sha256:67714da7f7bc052e064859c05c595155bd1ee9f69f76557e21f051443c20947a"
            ],
            "version": "==20.9"
        },
        "pluggy": {
            "hashes": [
                "sha256:15b2acde666561e1298d71b523007ed7364de07029219b604cf808bfa1c765b0",
                "sha256:966c145cd83c96502c3c3868f50408687b38434af77734af1e9ca461a4081d2d"
            ],
            "version": "==0.13.1"
        },
        "protobuf": {
            "hashes": [
                "sha256:03f43eac9d5b651f976e91cf46a25b75e5779d98f0f4114b0abfed83376d75f8",
                "sha256:0c94b21e6de01362f91a86b372555d22a60b59708599ca9d5032ae9fdf8e3538",
                "sha256:2d2a9f30f61f4063fadd7fb68a2510a6939b43c0d6ceeec5c4704f22225da28e",
                "sha256:34a0b05fca061e4abb77dd180209f68d8637115ff319f51e28a6a9382d69853a",
                "sha256:358710fd0db25372edcf1150fa691f48376a134a6c69ce29f38f185eea7699e6",
                "sha256:41e47198b94c27ba05a08b4a95160656105745c462af574e4bcb0807164065c0",
                "sha256:8c61cc8a76e9d381c665aecc5105fa0f1878cf7db8b5cd17202603bcb386d0fc",
                "sha256:a6eebc4db759e58fdac02efcd3028b811effac881d8a5bad1996e4e8ee6acb47",
                "sha256:a9c12f7c98093da0a46ba76ec40ace725daa1ac4038c41e4b1466afb5c45bb01",
                "sha256:cb95068492ba0859b8c9e61fa8ba206a83c64e5d0916fb4543700b2e2b214115",
                "sha256:cd98476ce7bb4dcd6a7b101f5eecdc073dafea19f311e36eb8fba1a349346277",
                "sha256:ce64cfbea18c535176bdaa10ba740c0fc4c6d998a3f511c17bedb0ae4b3b167c",
                "sha256:dcbb59eac73fd454e8f2c5fba9e3d3320fd4707ed6a9d3ea3717924a6f0903ea",
                "sha256:dd67f34458ae716029e2a71ede998e9092493b62a519236ca52e3c5202096c87",
                "sha256:e3c96056eb5b7284a20e256cb0bf783c8f36ad82a4ae5434a7b7cd02384144a7",
                "sha256:f612d584d7a27e2f39e7b17878430a959c1bc09a74ba09db096b468558e5e126",
                "sha256:f6de8a7d6122297b81566e5bd4df37fd5d62bec14f8f90ebff8ede1c9726cd0a",
                "sha256:fa529d9261682b24c2aaa683667253175c9acebe0a31105394b221090da75832"
            ],
            "index": "pypi",
            "version": "==3.8.0"
        },
        "py": {
            "hashes": [
                "sha256:21b81bda15b66ef5e1a777a21c4dcd9c20ad3efd0b3f817e7a809035269e1bd3",
                "sha256:3b80836aa6d1feeaa108e046da6423ab8f6ceda6468545ae8d02d9d58d18818a"
            ],
            "index": "pypi",
            "version": "==1.10.0"
        },
        "pyparsing": {
            "hashes": [
                "sha256:c203ec8783bf771a155b207279b9bccb8dea02d8f0c9e5f8ead507bc3246ecc1",
                "sha256:ef9d7589ef3c200abe66653d3f1ab1033c3c419ae9b9bdb1240a85b024efc88b"
            ],
            "version": "==2.4.7"
        },
        "pytest": {
            "hashes": [
                "sha256:1897d74f60a5d8be02e06d708b41bf2445da2ee777066bd68edf14474fc201eb",
                "sha256:f6a567e20c04259d41adce9a360bd8991e6aa29dd9695c5e6bd25a9779272673"
            ],
            "index": "pypi",
            "version": "==5.3.0"
        },
        "pytest-lazy-fixture": {
            "hashes": [
                "sha256:bcdc184ef988abbde2d906330a7f681595c8e9753a5ff07c5a9860389aa3b766",
                "sha256:eb2f4573b371c690b91e637d09dfa30e2d6ba1234833df1920fc8b7b0d0fcebb"
            ],
            "index": "pypi",
            "version": "==0.6.2"
        },
        "six": {
            "hashes": [
                "sha256:30639c035cdb23534cd4aa2dd52c3bf48f06e5f4a941509c8bafd8ce11080259",
                "sha256:8b74bedcbbbaca38ff6d7491d76f2b06b3592611af620f8426e82dddb04a5ced"
            ],
            "version": "==1.15.0"
        },
        "typing-extensions": {
            "hashes": [
                "sha256:7cb407020f00f7bfc3cb3e7881628838e69d8f3fcab2f64742a5e76b2f841918",
                "sha256:99d4073b617d30288f569d3f13d2bd7548c3a7e4c8de87db09a9d29bb3a4a60c",
                "sha256:dafc7639cde7f1b6e1acc0f457842a83e722ccca8eef5270af2d74792619a89f"
            ],
            "markers": "python_version < '3.8'",
            "version": "==3.7.4.3"
        },
        "wcwidth": {
            "hashes": [
                "sha256:beb4802a9cebb9144e99086eff703a642a13d6a0052920003a230f3294bbe784",
                "sha256:c4d647b99872929fdb7bdcaa4fbe7f01413ed3d98077df798530e5b04f116c83"
            ],
            "version": "==0.2.5"
        },
        "zipp": {
            "hashes": [
                "sha256:3607921face881ba3e026887d8150cca609d517579abe052ac81fc5aeffdbd76",
                "sha256:51cb66cc54621609dd593d1787f286ee42a5c0adbb4b29abea5a63edc3e03098"
            ],
            "version": "==3.4.1"
        }
    },
    "develop": {}
}
